
Microsoft Visual Studio Solution File, Format Version 12.00
# Visual Studio Version 17
VisualStudioVersion = 17.5.33414.496
MinimumVisualStudioVersion = 10.0.40219.1
Project("{FAE04EC0-301F-11D3-BF4B-00C04F79EFBC}") = "TP_Mod3_1302210081", "TP_Mod3_1302210081\TP_Mod3_1302210081.csproj", "{95224E0F-11FE-45A4-B3A0-DE41A5F06603}"
EndProject
Global
	GlobalSection(SolutionConfigurationPlatforms) = preSolution
		Debug|Any CPU = Debug|Any CPU
		Release|Any CPU = Release|Any CPU
	EndGlobalSection
	GlobalSection(ProjectConfigurationPlatforms) = postSolution
		{95224E0F-11FE-45A4-B3A0-DE41A5F06603}.Debug|Any CPU.ActiveCfg = Debug|Any CPU
		{95224E0F-11FE-45A4-B3A0-DE41A5F06603}.Debug|Any CPU.Build.0 = Debug|Any CPU
		{95224E0F-11FE-45A4-B3A0-DE41A5F06603}.Release|Any CPU.ActiveCfg = Release|Any CPU
		{95224E0F-11FE-45A4-B3A0-DE41A5F06603}.Release|Any CPU.Build.0 = Release|Any CPU
	EndGlobalSection
	GlobalSection(SolutionProperties) = preSolution
		HideSolutionNode = FALSE
	EndGlobalSection
	GlobalSection(ExtensibilityGlobals) = postSolution
		SolutionGuid = {8D26A120-D4D2-45C5-A8CB-030E6257A482}
	EndGlobalSection
EndGlobal
